
Microsoft Visual Studio Solution File, Format Version 12.00
Project("{FAE04EC0-301F-11D3-BF4B-00C04F79EFBC}") = "Infrastructure", "Infrastructure\Infrastructure.csproj", "{68038F19-C099-463D-A3FF-51B2A2840FE4}"
EndProject
Project("{FAE04EC0-301F-11D3-BF4B-00C04F79EFBC}") = "Tests", "Tests\Tests.csproj", "{09E9B2A2-BE47-416A-A481-51387716D224}"
EndProject
Global
	GlobalSection(SolutionConfigurationPlatforms) = preSolution
		Debug|Any CPU = Debug|Any CPU
		Release|Any CPU = Release|Any CPU
	EndGlobalSection
	GlobalSection(ProjectConfigurationPlatforms) = postSolution
		{68038F19-C099-463D-A3FF-51B2A2840FE4}.Debug|Any CPU.ActiveCfg = Debug|Any CPU
		{68038F19-C099-463D-A3FF-51B2A2840FE4}.Debug|Any CPU.Build.0 = Debug|Any CPU
		{68038F19-C099-463D-A3FF-51B2A2840FE4}.Release|Any CPU.ActiveCfg = Release|Any CPU
		{68038F19-C099-463D-A3FF-51B2A2840FE4}.Release|Any CPU.Build.0 = Release|Any CPU
		{09E9B2A2-BE47-416A-A481-51387716D224}.Debug|Any CPU.ActiveCfg = Debug|Any CPU
		{09E9B2A2-BE47-416A-A481-51387716D224}.Debug|Any CPU.Build.0 = Debug|Any CPU
		{09E9B2A2-BE47-416A-A481-51387716D224}.Release|Any CPU.ActiveCfg = Release|Any CPU
		{09E9B2A2-BE47-416A-A481-51387716D224}.Release|Any CPU.Build.0 = Release|Any CPU
	EndGlobalSection
EndGlobal
